
Microsoft Visual Studio Solution File, Format Version 12.00
# Visual Studio Version 16
VisualStudioVersion = 16.0.29230.47
MinimumVisualStudioVersion = 10.0.40219.1
Project("{FAE04EC0-301F-11D3-BF4B-00C04F79EFBC}") = "TransbankPosSDKFormExample", "TransbankPosSDKExample\TransbankPosSDKFormExample.csproj", "{79775440-3D29-498A-8A07-CF51240B64E6}"
EndProject
Project("{FAE04EC0-301F-11D3-BF4B-00C04F79EFBC}") = "TransbankPosSDKConsoleExample", "TransbankPosSDKConsoleExample\TransbankPosSDKConsoleExample.csproj", "{927204C4-5235-4420-93C8-F3DF0C5B3B88}"
EndProject
Project("{FAE04EC0-301F-11D3-BF4B-00C04F79EFBC}") = "TransbankAutoservicioSDKConsoleExample", "TransbankAutoservicioSDKConsoleExample\TransbankAutoservicioSDKConsoleExample.csproj", "{8535DD84-55A3-4CAE-B1AC-46F16C077B90}"
EndProject
Global
	GlobalSection(SolutionConfigurationPlatforms) = preSolution
		Debug|Any CPU = Debug|Any CPU
		Debug|x64 = Debug|x64
		Release|Any CPU = Release|Any CPU
		Release|x64 = Release|x64
	EndGlobalSection
	GlobalSection(ProjectConfigurationPlatforms) = postSolution
		{79775440-3D29-498A-8A07-CF51240B64E6}.Debug|Any CPU.ActiveCfg = Debug|Any CPU
		{79775440-3D29-498A-8A07-CF51240B64E6}.Debug|Any CPU.Build.0 = Debug|Any CPU
		{79775440-3D29-498A-8A07-CF51240B64E6}.Debug|x64.ActiveCfg = Debug|Any CPU
		{79775440-3D29-498A-8A07-CF51240B64E6}.Debug|x64.Build.0 = Debug|Any CPU
		{79775440-3D29-498A-8A07-CF51240B64E6}.Release|Any CPU.ActiveCfg = Release|Any CPU
		{79775440-3D29-498A-8A07-CF51240B64E6}.Release|Any CPU.Build.0 = Release|Any CPU
		{79775440-3D29-498A-8A07-CF51240B64E6}.Release|x64.ActiveCfg = Release|Any CPU
		{79775440-3D29-498A-8A07-CF51240B64E6}.Release|x64.Build.0 = Release|Any CPU
		{927204C4-5235-4420-93C8-F3DF0C5B3B88}.Debug|Any CPU.ActiveCfg = Debug|Any CPU
		{927204C4-5235-4420-93C8-F3DF0C5B3B88}.Debug|Any CPU.Build.0 = Debug|Any CPU
		{927204C4-5235-4420-93C8-F3DF0C5B3B88}.Debug|x64.ActiveCfg = Debug|x64
		{927204C4-5235-4420-93C8-F3DF0C5B3B88}.Debug|x64.Build.0 = Debug|x64
		{927204C4-5235-4420-93C8-F3DF0C5B3B88}.Release|Any CPU.ActiveCfg = Release|Any CPU
		{927204C4-5235-4420-93C8-F3DF0C5B3B88}.Release|Any CPU.Build.0 = Release|Any CPU
		{927204C4-5235-4420-93C8-F3DF0C5B3B88}.Release|x64.ActiveCfg = Release|x64
		{927204C4-5235-4420-93C8-F3DF0C5B3B88}.Release|x64.Build.0 = Release|x64
		{8535DD84-55A3-4CAE-B1AC-46F16C077B90}.Debug|Any CPU.ActiveCfg = Debug|Any CPU
		{8535DD84-55A3-4CAE-B1AC-46F16C077B90}.Debug|Any CPU.Build.0 = Debug|Any CPU
		{8535DD84-55A3-4CAE-B1AC-46F16C077B90}.Debug|x64.ActiveCfg = Debug|Any CPU
		{8535DD84-55A3-4CAE-B1AC-46F16C077B90}.Debug|x64.Build.0 = Debug|Any CPU
		{8535DD84-55A3-4CAE-B1AC-46F16C077B90}.Release|Any CPU.ActiveCfg = Release|Any CPU
		{8535DD84-55A3-4CAE-B1AC-46F16C077B90}.Release|Any CPU.Build.0 = Release|Any CPU
		{8535DD84-55A3-4CAE-B1AC-46F16C077B90}.Release|x64.ActiveCfg = Release|Any CPU
		{8535DD84-55A3-4CAE-B1AC-46F16C077B90}.Release|x64.Build.0 = Release|Any CPU
	EndGlobalSection
	GlobalSection(SolutionProperties) = preSolution
		HideSolutionNode = FALSE
	EndGlobalSection
	GlobalSection(ExtensibilityGlobals) = postSolution
		SolutionGuid = {ADD79CC3-35BA-4A82-A66F-0913927DB8AC}
	EndGlobalSection
EndGlobal
